
Microsoft Visual Studio Solution File, Format Version 12.00
# Visual Studio Version 17
VisualStudioVersion = 17.6.33829.357
MinimumVisualStudioVersion = 10.0.40219.1
Project("{2150E333-8FDC-42A3-9474-1A3956D46DE8}") = "Tests", "Tests", "{EAF903DD-3122-4E40-902A-05A4CA4CAB16}"
EndProject
Project("{9A19103F-16F7-4668-BE54-9A1E7A4F7556}") = "SimpleInlineTests", "Tests\SimpleInlineTests\SimpleInlineTests.csproj", "{142CDFA4-0014-4BA6-81B1-6B0F65C752EE}"
EndProject
Project("{2150E333-8FDC-42A3-9474-1A3956D46DE8}") = "Src", "Src", "{60BB62D1-9F37-46D8-BDCC-1E8EECA495A0}"
EndProject
Project("{2150E333-8FDC-42A3-9474-1A3956D46DE8}") = "Base", "Base", "{0960D26C-C37E-4C7A-A7A3-5CF73E101C5E}"
EndProject
Project("{2150E333-8FDC-42A3-9474-1A3956D46DE8}") = "Services", "Services", "{B66A1739-1C06-4651-B73D-3F823307E2FA}"
EndProject
Project("{9A19103F-16F7-4668-BE54-9A1E7A4F7556}") = "Base.Objects", "Src\Base\Base.Objects\Base.Objects.csproj", "{ED4EBF67-F86B-4802-85F3-566DCCFD78DC}"
EndProject
Project("{2150E333-8FDC-42A3-9474-1A3956D46DE8}") = "AuthorizationService", "AuthorizationService", "{45656D55-D6BE-48DA-8FDA-9F901EDDD209}"
EndProject
Project("{2150E333-8FDC-42A3-9474-1A3956D46DE8}") = "Core", "Core", "{5F018B82-659D-41D0-9C4D-5C1DF30FA555}"
EndProject
Project("{2150E333-8FDC-42A3-9474-1A3956D46DE8}") = "NotificationService", "NotificationService", "{59E1D739-4226-4BCE-8AAE-6DFA053DDC89}"
EndProject
Project("{9A19103F-16F7-4668-BE54-9A1E7A4F7556}") = "Authorization.Objects", "Src\Services\AuthorizationService\Authorization.Objects\Authorization.Objects.csproj", "{52503B46-9FD0-42C3-9537-7A354D5024CE}"
EndProject
Project("{9A19103F-16F7-4668-BE54-9A1E7A4F7556}") = "Core.Logic", "Src\Services\Core\Core.Logic\Core.Logic.csproj", "{135E02E7-38EB-4E6B-A919-E5BEB4358909}"
EndProject
Project("{9A19103F-16F7-4668-BE54-9A1E7A4F7556}") = "Core.Objects", "Src\Services\Core\Core.Objects\Core.Objects.csproj", "{D289D22D-948D-447D-B7D2-14154ADBFB6F}"
EndProject
Project("{9A19103F-16F7-4668-BE54-9A1E7A4F7556}") = "Notification.Objects", "Src\Services\NotificationService\Notification.Objects\Notification.Objects.csproj", "{DB710721-545E-4680-A1D3-EA6E6117EDF7}"
EndProject
Project("{9A19103F-16F7-4668-BE54-9A1E7A4F7556}") = "Core", "Src\Services\Core\Core\Core.csproj", "{F01C6E58-9EA6-45CF-BEC3-86E6B5907569}"
EndProject
Project("{FAE04EC0-301F-11D3-BF4B-00C04F79EFBC}") = "Base.Contracts", "Src\Base\Base.Contracts\Base.Contracts.csproj", "{CA1840DB-1837-497E-879C-1E914746C47B}"
EndProject
Project("{2150E333-8FDC-42A3-9474-1A3956D46DE8}") = "Booking", "Booking", "{586C3DDA-C3CD-4E91-B688-D39FB28B6FB7}"
EndProject
Project("{FAE04EC0-301F-11D3-BF4B-00C04F79EFBC}") = "Booking.Data", "Src\Services\Booking.Data\Booking.Data.csproj", "{FF260B90-F4BE-4E21-9B57-167AC068378F}"
EndProject
Project("{FAE04EC0-301F-11D3-BF4B-00C04F79EFBC}") = "Booking", "Src\Services\Booking\Booking.csproj", "{FF2AB5B6-316F-40C9-8F84-839AA84445CA}"
EndProject
Global
	GlobalSection(SolutionConfigurationPlatforms) = preSolution
		Debug|Any CPU = Debug|Any CPU
		Release|Any CPU = Release|Any CPU
	EndGlobalSection
	GlobalSection(ProjectConfigurationPlatforms) = postSolution
		{142CDFA4-0014-4BA6-81B1-6B0F65C752EE}.Debug|Any CPU.ActiveCfg = Debug|Any CPU
		{142CDFA4-0014-4BA6-81B1-6B0F65C752EE}.Debug|Any CPU.Build.0 = Debug|Any CPU
		{142CDFA4-0014-4BA6-81B1-6B0F65C752EE}.Release|Any CPU.ActiveCfg = Release|Any CPU
		{142CDFA4-0014-4BA6-81B1-6B0F65C752EE}.Release|Any CPU.Build.0 = Release|Any CPU
		{ED4EBF67-F86B-4802-85F3-566DCCFD78DC}.Debug|Any CPU.ActiveCfg = Debug|Any CPU
		{ED4EBF67-F86B-4802-85F3-566DCCFD78DC}.Debug|Any CPU.Build.0 = Debug|Any CPU
		{ED4EBF67-F86B-4802-85F3-566DCCFD78DC}.Release|Any CPU.ActiveCfg = Release|Any CPU
		{ED4EBF67-F86B-4802-85F3-566DCCFD78DC}.Release|Any CPU.Build.0 = Release|Any CPU
		{52503B46-9FD0-42C3-9537-7A354D5024CE}.Debug|Any CPU.ActiveCfg = Debug|Any CPU
		{52503B46-9FD0-42C3-9537-7A354D5024CE}.Debug|Any CPU.Build.0 = Debug|Any CPU
		{52503B46-9FD0-42C3-9537-7A354D5024CE}.Release|Any CPU.ActiveCfg = Release|Any CPU
		{52503B46-9FD0-42C3-9537-7A354D5024CE}.Release|Any CPU.Build.0 = Release|Any CPU
		{135E02E7-38EB-4E6B-A919-E5BEB4358909}.Debug|Any CPU.ActiveCfg = Debug|Any CPU
		{135E02E7-38EB-4E6B-A919-E5BEB4358909}.Debug|Any CPU.Build.0 = Debug|Any CPU
		{135E02E7-38EB-4E6B-A919-E5BEB4358909}.Release|Any CPU.ActiveCfg = Release|Any CPU
		{135E02E7-38EB-4E6B-A919-E5BEB4358909}.Release|Any CPU.Build.0 = Release|Any CPU
		{D289D22D-948D-447D-B7D2-14154ADBFB6F}.Debug|Any CPU.ActiveCfg = Debug|Any CPU
		{D289D22D-948D-447D-B7D2-14154ADBFB6F}.Debug|Any CPU.Build.0 = Debug|Any CPU
		{D289D22D-948D-447D-B7D2-14154ADBFB6F}.Release|Any CPU.ActiveCfg = Release|Any CPU
		{D289D22D-948D-447D-B7D2-14154ADBFB6F}.Release|Any CPU.Build.0 = Release|Any CPU
		{DB710721-545E-4680-A1D3-EA6E6117EDF7}.Debug|Any CPU.ActiveCfg = Debug|Any CPU
		{DB710721-545E-4680-A1D3-EA6E6117EDF7}.Debug|Any CPU.Build.0 = Debug|Any CPU
		{DB710721-545E-4680-A1D3-EA6E6117EDF7}.Release|Any CPU.ActiveCfg = Release|Any CPU
		{DB710721-545E-4680-A1D3-EA6E6117EDF7}.Release|Any CPU.Build.0 = Release|Any CPU
		{F01C6E58-9EA6-45CF-BEC3-86E6B5907569}.Debug|Any CPU.ActiveCfg = Debug|Any CPU
		{F01C6E58-9EA6-45CF-BEC3-86E6B5907569}.Debug|Any CPU.Build.0 = Debug|Any CPU
		{F01C6E58-9EA6-45CF-BEC3-86E6B5907569}.Release|Any CPU.ActiveCfg = Release|Any CPU
		{F01C6E58-9EA6-45CF-BEC3-86E6B5907569}.Release|Any CPU.Build.0 = Release|Any CPU
		{CA1840DB-1837-497E-879C-1E914746C47B}.Debug|Any CPU.ActiveCfg = Debug|Any CPU
		{CA1840DB-1837-497E-879C-1E914746C47B}.Debug|Any CPU.Build.0 = Debug|Any CPU
		{CA1840DB-1837-497E-879C-1E914746C47B}.Release|Any CPU.ActiveCfg = Release|Any CPU
		{CA1840DB-1837-497E-879C-1E914746C47B}.Release|Any CPU.Build.0 = Release|Any CPU
		{FF260B90-F4BE-4E21-9B57-167AC068378F}.Debug|Any CPU.ActiveCfg = Debug|Any CPU
		{FF260B90-F4BE-4E21-9B57-167AC068378F}.Debug|Any CPU.Build.0 = Debug|Any CPU
		{FF260B90-F4BE-4E21-9B57-167AC068378F}.Release|Any CPU.ActiveCfg = Release|Any CPU
		{FF260B90-F4BE-4E21-9B57-167AC068378F}.Release|Any CPU.Build.0 = Release|Any CPU
		{FF2AB5B6-316F-40C9-8F84-839AA84445CA}.Debug|Any CPU.ActiveCfg = Debug|Any CPU
		{FF2AB5B6-316F-40C9-8F84-839AA84445CA}.Debug|Any CPU.Build.0 = Debug|Any CPU
		{FF2AB5B6-316F-40C9-8F84-839AA84445CA}.Release|Any CPU.ActiveCfg = Release|Any CPU
		{FF2AB5B6-316F-40C9-8F84-839AA84445CA}.Release|Any CPU.Build.0 = Release|Any CPU
	EndGlobalSection
	GlobalSection(SolutionProperties) = preSolution
		HideSolutionNode = FALSE
	EndGlobalSection
	GlobalSection(NestedProjects) = preSolution
		{142CDFA4-0014-4BA6-81B1-6B0F65C752EE} = {EAF903DD-3122-4E40-902A-05A4CA4CAB16}
		{0960D26C-C37E-4C7A-A7A3-5CF73E101C5E} = {60BB62D1-9F37-46D8-BDCC-1E8EECA495A0}
		{B66A1739-1C06-4651-B73D-3F823307E2FA} = {60BB62D1-9F37-46D8-BDCC-1E8EECA495A0}
		{ED4EBF67-F86B-4802-85F3-566DCCFD78DC} = {0960D26C-C37E-4C7A-A7A3-5CF73E101C5E}
		{45656D55-D6BE-48DA-8FDA-9F901EDDD209} = {B66A1739-1C06-4651-B73D-3F823307E2FA}
		{5F018B82-659D-41D0-9C4D-5C1DF30FA555} = {B66A1739-1C06-4651-B73D-3F823307E2FA}
		{59E1D739-4226-4BCE-8AAE-6DFA053DDC89} = {B66A1739-1C06-4651-B73D-3F823307E2FA}
		{52503B46-9FD0-42C3-9537-7A354D5024CE} = {45656D55-D6BE-48DA-8FDA-9F901EDDD209}
		{135E02E7-38EB-4E6B-A919-E5BEB4358909} = {5F018B82-659D-41D0-9C4D-5C1DF30FA555}
		{D289D22D-948D-447D-B7D2-14154ADBFB6F} = {5F018B82-659D-41D0-9C4D-5C1DF30FA555}
		{DB710721-545E-4680-A1D3-EA6E6117EDF7} = {59E1D739-4226-4BCE-8AAE-6DFA053DDC89}
		{F01C6E58-9EA6-45CF-BEC3-86E6B5907569} = {5F018B82-659D-41D0-9C4D-5C1DF30FA555}
		{CA1840DB-1837-497E-879C-1E914746C47B} = {0960D26C-C37E-4C7A-A7A3-5CF73E101C5E}
		{586C3DDA-C3CD-4E91-B688-D39FB28B6FB7} = {B66A1739-1C06-4651-B73D-3F823307E2FA}
		{FF260B90-F4BE-4E21-9B57-167AC068378F} = {586C3DDA-C3CD-4E91-B688-D39FB28B6FB7}
		{FF2AB5B6-316F-40C9-8F84-839AA84445CA} = {586C3DDA-C3CD-4E91-B688-D39FB28B6FB7}
	EndGlobalSection
	GlobalSection(ExtensibilityGlobals) = postSolution
		SolutionGuid = {4EF73545-6C1E-46F4-8ACF-B60460B2C466}
	EndGlobalSection
EndGlobal
